// !$*UTF8*$!
{
	archiveVersion = 1;
	classes = {
	};
	objectVersion = 56;
	objects = {

/* Begin PBXBuildFile section */
		C319996C2A3B0AD200DED9D7 /* ListInteractorWorker.swift in Sources */ = {isa = PBXBuildFile; fileRef = C319996B2A3B0AD200DED9D7 /* ListInteractorWorker.swift */; };
		C319996E2A3B24A100DED9D7 /* OptionsInteractor.swift in Sources */ = {isa = PBXBuildFile; fileRef = C319996D2A3B24A100DED9D7 /* OptionsInteractor.swift */; };
		C31999702A3B24AF00DED9D7 /* OptionsPresenter.swift in Sources */ = {isa = PBXBuildFile; fileRef = C319996F2A3B24AF00DED9D7 /* OptionsPresenter.swift */; };
		C31999722A3B24D000DED9D7 /* OptionsModels.swift in Sources */ = {isa = PBXBuildFile; fileRef = C31999712A3B24D000DED9D7 /* OptionsModels.swift */; };
		C31999742A3B892200DED9D7 /* OptionsConfigurator.swift in Sources */ = {isa = PBXBuildFile; fileRef = C31999732A3B892200DED9D7 /* OptionsConfigurator.swift */; };
		C33A85D32A1268740075C84A /* OptionsViewController.swift in Sources */ = {isa = PBXBuildFile; fileRef = C33A85D22A1268740075C84A /* OptionsViewController.swift */; };
		C33A85D52A1269140075C84A /* CustomCellOptions.swift in Sources */ = {isa = PBXBuildFile; fileRef = C33A85D42A1269140075C84A /* CustomCellOptions.swift */; };
		C33A85D72A135B690075C84A /* StorageManager.swift in Sources */ = {isa = PBXBuildFile; fileRef = C33A85D62A135B690075C84A /* StorageManager.swift */; };
		C358E0042A37A7CE0061074F /* ListPresenterWorker.swift in Sources */ = {isa = PBXBuildFile; fileRef = C358E0032A37A7CE0061074F /* ListPresenterWorker.swift */; };
		C3E1F37A2A336212004104B6 /* ListInteractor.swift in Sources */ = {isa = PBXBuildFile; fileRef = C3E1F3792A336212004104B6 /* ListInteractor.swift */; };
		C3E1F37C2A336243004104B6 /* ListPresenter.swift in Sources */ = {isa = PBXBuildFile; fileRef = C3E1F37B2A336243004104B6 /* ListPresenter.swift */; };
		C3E1F37E2A336263004104B6 /* ListRouter.swift in Sources */ = {isa = PBXBuildFile; fileRef = C3E1F37D2A336263004104B6 /* ListRouter.swift */; };
		C3E1F3802A33627C004104B6 /* ListModels.swift in Sources */ = {isa = PBXBuildFile; fileRef = C3E1F37F2A33627C004104B6 /* ListModels.swift */; };
		C3E1F3822A336291004104B6 /* ListConfigurator.swift in Sources */ = {isa = PBXBuildFile; fileRef = C3E1F3812A336291004104B6 /* ListConfigurator.swift */; };
		C3E8E7E92A09285D00BCFF53 /* AppDelegate.swift in Sources */ = {isa = PBXBuildFile; fileRef = C3E8E7E82A09285D00BCFF53 /* AppDelegate.swift */; };
		C3E8E7EB2A09285D00BCFF53 /* SceneDelegate.swift in Sources */ = {isa = PBXBuildFile; fileRef = C3E8E7EA2A09285D00BCFF53 /* SceneDelegate.swift */; };
		C3E8E7ED2A09285D00BCFF53 /* ListViewController.swift in Sources */ = {isa = PBXBuildFile; fileRef = C3E8E7EC2A09285D00BCFF53 /* ListViewController.swift */; };
		C3E8E7F22A09285E00BCFF53 /* Assets.xcassets in Resources */ = {isa = PBXBuildFile; fileRef = C3E8E7F12A09285E00BCFF53 /* Assets.xcassets */; };
		C3E8E8012A09303000BCFF53 /* CustomCell.swift in Sources */ = {isa = PBXBuildFile; fileRef = C3E8E8002A09303000BCFF53 /* CustomCell.swift */; };
		C3E8E8042A093EF600BCFF53 /* DataManager.swift in Sources */ = {isa = PBXBuildFile; fileRef = C3E8E8032A093EF600BCFF53 /* DataManager.swift */; };
		C3E8E8062A09569C00BCFF53 /* ModelDataCurrency.swift in Sources */ = {isa = PBXBuildFile; fileRef = C3E8E8052A09569C00BCFF53 /* ModelDataCurrency.swift */; };
		C3E8E8082A0961FC00BCFF53 /* Exchange.swift in Sources */ = {isa = PBXBuildFile; fileRef = C3E8E8072A0961FC00BCFF53 /* Exchange.swift */; };
		C3E8E80B2A0962AD00BCFF53 /* NetworkManager.swift in Sources */ = {isa = PBXBuildFile; fileRef = C3E8E80A2A0962AD00BCFF53 /* NetworkManager.swift */; };
/* End PBXBuildFile section */

/* Begin PBXFileReference section */
		C319996B2A3B0AD200DED9D7 /* ListInteractorWorker.swift */ = {isa = PBXFileReference; lastKnownFileType = sourcecode.swift; path = ListInteractorWorker.swift; sourceTree = "<group>"; };
		C319996D2A3B24A100DED9D7 /* OptionsInteractor.swift */ = {isa = PBXFileReference; lastKnownFileType = sourcecode.swift; path = OptionsInteractor.swift; sourceTree = "<group>"; };
		C319996F2A3B24AF00DED9D7 /* OptionsPresenter.swift */ = {isa = PBXFileReference; lastKnownFileType = sourcecode.swift; path = OptionsPresenter.swift; sourceTree = "<group>"; };
		C31999712A3B24D000DED9D7 /* OptionsModels.swift */ = {isa = PBXFileReference; lastKnownFileType = sourcecode.swift; path = OptionsModels.swift; sourceTree = "<group>"; };
		C31999732A3B892200DED9D7 /* OptionsConfigurator.swift */ = {isa = PBXFileReference; lastKnownFileType = sourcecode.swift; path = OptionsConfigurator.swift; sourceTree = "<group>"; };
		C33A85D22A1268740075C84A /* OptionsViewController.swift */ = {isa = PBXFileReference; lastKnownFileType = sourcecode.swift; path = OptionsViewController.swift; sourceTree = "<group>"; };
		C33A85D42A1269140075C84A /* CustomCellOptions.swift */ = {isa = PBXFileReference; lastKnownFileType = sourcecode.swift; path = CustomCellOptions.swift; sourceTree = "<group>"; };
		C33A85D62A135B690075C84A /* StorageManager.swift */ = {isa = PBXFileReference; lastKnownFileType = sourcecode.swift; path = StorageManager.swift; sourceTree = "<group>"; };
		C358E0032A37A7CE0061074F /* ListPresenterWorker.swift */ = {isa = PBXFileReference; lastKnownFileType = sourcecode.swift; path = ListPresenterWorker.swift; sourceTree = "<group>"; };
		C3E1F3792A336212004104B6 /* ListInteractor.swift */ = {isa = PBXFileReference; lastKnownFileType = sourcecode.swift; path = ListInteractor.swift; sourceTree = "<group>"; };
		C3E1F37B2A336243004104B6 /* ListPresenter.swift */ = {isa = PBXFileReference; lastKnownFileType = sourcecode.swift; path = ListPresenter.swift; sourceTree = "<group>"; };
		C3E1F37D2A336263004104B6 /* ListRouter.swift */ = {isa = PBXFileReference; lastKnownFileType = sourcecode.swift; path = ListRouter.swift; sourceTree = "<group>"; };
		C3E1F37F2A33627C004104B6 /* ListModels.swift */ = {isa = PBXFileReference; lastKnownFileType = sourcecode.swift; path = ListModels.swift; sourceTree = "<group>"; };
		C3E1F3812A336291004104B6 /* ListConfigurator.swift */ = {isa = PBXFileReference; lastKnownFileType = sourcecode.swift; path = ListConfigurator.swift; sourceTree = "<group>"; };
		C3E8E7E52A09285D00BCFF53 /* Currency.app */ = {isa = PBXFileReference; explicitFileType = wrapper.application; includeInIndex = 0; path = Currency.app; sourceTree = BUILT_PRODUCTS_DIR; };
		C3E8E7E82A09285D00BCFF53 /* AppDelegate.swift */ = {isa = PBXFileReference; lastKnownFileType = sourcecode.swift; path = AppDelegate.swift; sourceTree = "<group>"; };
		C3E8E7EA2A09285D00BCFF53 /* SceneDelegate.swift */ = {isa = PBXFileReference; lastKnownFileType = sourcecode.swift; path = SceneDelegate.swift; sourceTree = "<group>"; };
		C3E8E7EC2A09285D00BCFF53 /* ListViewController.swift */ = {isa = PBXFileReference; lastKnownFileType = sourcecode.swift; path = ListViewController.swift; sourceTree = "<group>"; };
		C3E8E7F12A09285E00BCFF53 /* Assets.xcassets */ = {isa = PBXFileReference; lastKnownFileType = folder.assetcatalog; path = Assets.xcassets; sourceTree = "<group>"; };
		C3E8E7F62A09285E00BCFF53 /* Info.plist */ = {isa = PBXFileReference; lastKnownFileType = text.plist.xml; path = Info.plist; sourceTree = "<group>"; };
		C3E8E8002A09303000BCFF53 /* CustomCell.swift */ = {isa = PBXFileReference; lastKnownFileType = sourcecode.swift; path = CustomCell.swift; sourceTree = "<group>"; };
		C3E8E8032A093EF600BCFF53 /* DataManager.swift */ = {isa = PBXFileReference; lastKnownFileType = sourcecode.swift; path = DataManager.swift; sourceTree = "<group>"; };
		C3E8E8052A09569C00BCFF53 /* ModelDataCurrency.swift */ = {isa = PBXFileReference; lastKnownFileType = sourcecode.swift; path = ModelDataCurrency.swift; sourceTree = "<group>"; };
		C3E8E8072A0961FC00BCFF53 /* Exchange.swift */ = {isa = PBXFileReference; lastKnownFileType = sourcecode.swift; path = Exchange.swift; sourceTree = "<group>"; };
		C3E8E80A2A0962AD00BCFF53 /* NetworkManager.swift */ = {isa = PBXFileReference; lastKnownFileType = sourcecode.swift; path = NetworkManager.swift; sourceTree = "<group>"; };
/* End PBXFileReference section */

/* Begin PBXFrameworksBuildPhase section */
		C3E8E7E22A09285D00BCFF53 /* Frameworks */ = {
			isa = PBXFrameworksBuildPhase;
			buildActionMask = 2147483647;
			files = (
			);
			runOnlyForDeploymentPostprocessing = 0;
		};
/* End PBXFrameworksBuildPhase section */

/* Begin PBXGroup section */
		C3E1F3732A335FA1004104B6 /* Options */ = {
			isa = PBXGroup;
			children = (
				C33A85D22A1268740075C84A /* OptionsViewController.swift */,
				C319996D2A3B24A100DED9D7 /* OptionsInteractor.swift */,
				C319996F2A3B24AF00DED9D7 /* OptionsPresenter.swift */,
				C31999712A3B24D000DED9D7 /* OptionsModels.swift */,
				C31999732A3B892200DED9D7 /* OptionsConfigurator.swift */,
			);
			path = Options;
			sourceTree = "<group>";
		};
		C3E8E7DC2A09285D00BCFF53 = {
			isa = PBXGroup;
			children = (
				C3E8E7E72A09285D00BCFF53 /* Currency */,
				C3E8E7E62A09285D00BCFF53 /* Products */,
			);
			sourceTree = "<group>";
		};
		C3E8E7E62A09285D00BCFF53 /* Products */ = {
			isa = PBXGroup;
			children = (
				C3E8E7E52A09285D00BCFF53 /* Currency.app */,
			);
			name = Products;
			sourceTree = "<group>";
		};
		C3E8E7E72A09285D00BCFF53 /* Currency */ = {
			isa = PBXGroup;
			children = (
				C3E8E8092A09629D00BCFF53 /* Services */,
				C3E8E7FC2A09286700BCFF53 /* Applications */,
				C3E8E8022A093EDA00BCFF53 /* Models */,
				C3E8E7FD2A09286F00BCFF53 /* List */,
				C3E1F3732A335FA1004104B6 /* Options */,
				C3E8E7FF2A092FAA00BCFF53 /* UITableViewCell */,
				C3E8E7FE2A0928A100BCFF53 /* Supporting */,
			);
			path = Currency;
			sourceTree = "<group>";
		};
		C3E8E7FC2A09286700BCFF53 /* Applications */ = {
			isa = PBXGroup;
			children = (
				C3E8E7E82A09285D00BCFF53 /* AppDelegate.swift */,
				C3E8E7EA2A09285D00BCFF53 /* SceneDelegate.swift */,
			);
			path = Applications;
			sourceTree = "<group>";
		};
		C3E8E7FD2A09286F00BCFF53 /* List */ = {
			isa = PBXGroup;
			children = (
				C3E8E7EC2A09285D00BCFF53 /* ListViewController.swift */,
				C3E1F3792A336212004104B6 /* ListInteractor.swift */,
				C319996B2A3B0AD200DED9D7 /* ListInteractorWorker.swift */,
				C3E1F37B2A336243004104B6 /* ListPresenter.swift */,
				C358E0032A37A7CE0061074F /* ListPresenterWorker.swift */,
				C3E1F37D2A336263004104B6 /* ListRouter.swift */,
				C3E1F37F2A33627C004104B6 /* ListModels.swift */,
				C3E1F3812A336291004104B6 /* ListConfigurator.swift */,
			);
			path = List;
			sourceTree = "<group>";
		};
		C3E8E7FE2A0928A100BCFF53 /* Supporting */ = {
			isa = PBXGroup;
			children = (
				C3E8E7F12A09285E00BCFF53 /* Assets.xcassets */,
				C3E8E7F62A09285E00BCFF53 /* Info.plist */,
			);
			path = Supporting;
			sourceTree = "<group>";
		};
		C3E8E7FF2A092FAA00BCFF53 /* UITableViewCell */ = {
			isa = PBXGroup;
			children = (
				C3E8E8002A09303000BCFF53 /* CustomCell.swift */,
				C33A85D42A1269140075C84A /* CustomCellOptions.swift */,
			);
			path = UITableViewCell;
			sourceTree = "<group>";
		};
		C3E8E8022A093EDA00BCFF53 /* Models */ = {
			isa = PBXGroup;
			children = (
				C3E8E8072A0961FC00BCFF53 /* Exchange.swift */,
				C3E8E8032A093EF600BCFF53 /* DataManager.swift */,
				C3E8E8052A09569C00BCFF53 /* ModelDataCurrency.swift */,
			);
			path = Models;
			sourceTree = "<group>";
		};
		C3E8E8092A09629D00BCFF53 /* Services */ = {
			isa = PBXGroup;
			children = (
				C3E8E80A2A0962AD00BCFF53 /* NetworkManager.swift */,
				C33A85D62A135B690075C84A /* StorageManager.swift */,
			);
			path = Services;
			sourceTree = "<group>";
		};
/* End PBXGroup section */

/* Begin PBXNativeTarget section */
		C3E8E7E42A09285D00BCFF53 /* Currency */ = {
			isa = PBXNativeTarget;
			buildConfigurationList = C3E8E7F92A09285E00BCFF53 /* Build configuration list for PBXNativeTarget "Currency" */;
			buildPhases = (
				C3E8E7E12A09285D00BCFF53 /* Sources */,
				C3E8E7E22A09285D00BCFF53 /* Frameworks */,
				C3E8E7E32A09285D00BCFF53 /* Resources */,
			);
			buildRules = (
			);
			dependencies = (
			);
			name = Currency;
			productName = Currency;
			productReference = C3E8E7E52A09285D00BCFF53 /* Currency.app */;
			productType = "com.apple.product-type.application";
		};
/* End PBXNativeTarget section */

/* Begin PBXProject section */
		C3E8E7DD2A09285D00BCFF53 /* Project object */ = {
			isa = PBXProject;
			attributes = {
				BuildIndependentTargetsInParallel = 1;
				LastSwiftUpdateCheck = 1430;
				LastUpgradeCheck = 1430;
				TargetAttributes = {
					C3E8E7E42A09285D00BCFF53 = {
						CreatedOnToolsVersion = 14.3;
					};
				};
			};
			buildConfigurationList = C3E8E7E02A09285D00BCFF53 /* Build configuration list for PBXProject "Currency" */;
			compatibilityVersion = "Xcode 14.0";
			developmentRegion = en;
			hasScannedForEncodings = 0;
			knownRegions = (
				en,
				Base,
			);
			mainGroup = C3E8E7DC2A09285D00BCFF53;
			productRefGroup = C3E8E7E62A09285D00BCFF53 /* Products */;
			projectDirPath = "";
			projectRoot = "";
			targets = (
				C3E8E7E42A09285D00BCFF53 /* Currency */,
			);
		};
/* End PBXProject section */

/* Begin PBXResourcesBuildPhase section */
		C3E8E7E32A09285D00BCFF53 /* Resources */ = {
			isa = PBXResourcesBuildPhase;
			buildActionMask = 2147483647;
			files = (
				C3E8E7F22A09285E00BCFF53 /* Assets.xcassets in Resources */,
			);
			runOnlyForDeploymentPostprocessing = 0;
		};
/* End PBXResourcesBuildPhase section */

/* Begin PBXSourcesBuildPhase section */
		C3E8E7E12A09285D00BCFF53 /* Sources */ = {
			isa = PBXSourcesBuildPhase;
			buildActionMask = 2147483647;
			files = (
				C3E1F3822A336291004104B6 /* ListConfigurator.swift in Sources */,
				C3E1F3802A33627C004104B6 /* ListModels.swift in Sources */,
				C3E8E8062A09569C00BCFF53 /* ModelDataCurrency.swift in Sources */,
				C3E8E7ED2A09285D00BCFF53 /* ListViewController.swift in Sources */,
				C358E0042A37A7CE0061074F /* ListPresenterWorker.swift in Sources */,
				C33A85D72A135B690075C84A /* StorageManager.swift in Sources */,
				C3E8E8042A093EF600BCFF53 /* DataManager.swift in Sources */,
				C33A85D32A1268740075C84A /* OptionsViewController.swift in Sources */,
				C3E8E7E92A09285D00BCFF53 /* AppDelegate.swift in Sources */,
				C31999742A3B892200DED9D7 /* OptionsConfigurator.swift in Sources */,
				C3E1F37A2A336212004104B6 /* ListInteractor.swift in Sources */,
				C319996C2A3B0AD200DED9D7 /* ListInteractorWorker.swift in Sources */,
				C3E8E80B2A0962AD00BCFF53 /* NetworkManager.swift in Sources */,
				C3E1F37E2A336263004104B6 /* ListRouter.swift in Sources */,
				C3E8E8012A09303000BCFF53 /* CustomCell.swift in Sources */,
				C319996E2A3B24A100DED9D7 /* OptionsInteractor.swift in Sources */,
				C31999722A3B24D000DED9D7 /* OptionsModels.swift in Sources */,
				C3E8E7EB2A09285D00BCFF53 /* SceneDelegate.swift in Sources */,
				C3E1F37C2A336243004104B6 /* ListPresenter.swift in Sources */,
				C31999702A3B24AF00DED9D7 /* OptionsPresenter.swift in Sources */,
				C3E8E8082A0961FC00BCFF53 /* Exchange.swift in Sources */,
				C33A85D52A1269140075C84A /* CustomCellOptions.swift in Sources */,
			);
			runOnlyForDeploymentPostprocessing = 0;
		};
/* End PBXSourcesBuildPhase section */

/* Begin XCBuildConfiguration section */
		C3E8E7F72A09285E00BCFF53 /* Debug */ = {
			isa = XCBuildConfiguration;
			buildSettings = {
				ALWAYS_SEARCH_USER_PATHS = NO;
				CLANG_ANALYZER_NONNULL = YES;
				CLANG_ANALYZER_NUMBER_OBJECT_CONVERSION = YES_AGGRESSIVE;
				CLANG_CXX_LANGUAGE_STANDARD = "gnu++20";
				CLANG_ENABLE_MODULES = YES;
				CLANG_ENABLE_OBJC_ARC = YES;
				CLANG_ENABLE_OBJC_WEAK = YES;
				CLANG_WARN_BLOCK_CAPTURE_AUTORELEASING = YES;
				CLANG_WARN_BOOL_CONVERSION = YES;
				CLANG_WARN_COMMA = YES;
				CLANG_WARN_CONSTANT_CONVERSION = YES;
				CLANG_WARN_DEPRECATED_OBJC_IMPLEMENTATIONS = YES;
				CLANG_WARN_DIRECT_OBJC_ISA_USAGE = YES_ERROR;
				CLANG_WARN_DOCUMENTATION_COMMENTS = YES;
				CLANG_WARN_EMPTY_BODY = YES;
				CLANG_WARN_ENUM_CONVERSION = YES;
				CLANG_WARN_INFINITE_RECURSION = YES;
				CLANG_WARN_INT_CONVERSION = YES;
				CLANG_WARN_NON_LITERAL_NULL_CONVERSION = YES;
				CLANG_WARN_OBJC_IMPLICIT_RETAIN_SELF = YES;
				CLANG_WARN_OBJC_LITERAL_CONVERSION = YES;
				CLANG_WARN_OBJC_ROOT_CLASS = YES_ERROR;
				CLANG_WARN_QUOTED_INCLUDE_IN_FRAMEWORK_HEADER = YES;
				CLANG_WARN_RANGE_LOOP_ANALYSIS = YES;
				CLANG_WARN_STRICT_PROTOTYPES = YES;
				CLANG_WARN_SUSPICIOUS_MOVE = YES;
				CLANG_WARN_UNGUARDED_AVAILABILITY = YES_AGGRESSIVE;
				CLANG_WARN_UNREACHABLE_CODE = YES;
				CLANG_WARN__DUPLICATE_METHOD_MATCH = YES;
				COPY_PHASE_STRIP = NO;
				DEBUG_INFORMATION_FORMAT = dwarf;
				ENABLE_STRICT_OBJC_MSGSEND = YES;
				ENABLE_TESTABILITY = YES;
				GCC_C_LANGUAGE_STANDARD = gnu11;
				GCC_DYNAMIC_NO_PIC = NO;
				GCC_NO_COMMON_BLOCKS = YES;
				GCC_OPTIMIZATION_LEVEL = 0;
				GCC_PREPROCESSOR_DEFINITIONS = (
					"DEBUG=1",
					"$(inherited)",
				);
				GCC_WARN_64_TO_32_BIT_CONVERSION = YES;
				GCC_WARN_ABOUT_RETURN_TYPE = YES_ERROR;
				GCC_WARN_UNDECLARED_SELECTOR = YES;
				GCC_WARN_UNINITIALIZED_AUTOS = YES_AGGRESSIVE;
				GCC_WARN_UNUSED_FUNCTION = YES;
				GCC_WARN_UNUSED_VARIABLE = YES;
				IPHONEOS_DEPLOYMENT_TARGET = 16.4;
				MTL_ENABLE_DEBUG_INFO = INCLUDE_SOURCE;
				MTL_FAST_MATH = YES;
				ONLY_ACTIVE_ARCH = YES;
				SDKROOT = iphoneos;
				SWIFT_ACTIVE_COMPILATION_CONDITIONS = DEBUG;
				SWIFT_OPTIMIZATION_LEVEL = "-Onone";
			};
			name = Debug;
		};
		C3E8E7F82A09285E00BCFF53 /* Release */ = {
			isa = XCBuildConfiguration;
			buildSettings = {
				ALWAYS_SEARCH_USER_PATHS = NO;
				CLANG_ANALYZER_NONNULL = YES;
				CLANG_ANALYZER_NUMBER_OBJECT_CONVERSION = YES_AGGRESSIVE;
				CLANG_CXX_LANGUAGE_STANDARD = "gnu++20";
				CLANG_ENABLE_MODULES = YES;
				CLANG_ENABLE_OBJC_ARC = YES;
				CLANG_ENABLE_OBJC_WEAK = YES;
				CLANG_WARN_BLOCK_CAPTURE_AUTORELEASING = YES;
				CLANG_WARN_BOOL_CONVERSION = YES;
				CLANG_WARN_COMMA = YES;
				CLANG_WARN_CONSTANT_CONVERSION = YES;
				CLANG_WARN_DEPRECATED_OBJC_IMPLEMENTATIONS = YES;
				CLANG_WARN_DIRECT_OBJC_ISA_USAGE = YES_ERROR;
				CLANG_WARN_DOCUMENTATION_COMMENTS = YES;
				CLANG_WARN_EMPTY_BODY = YES;
				CLANG_WARN_ENUM_CONVERSION = YES;
				CLANG_WARN_INFINITE_RECURSION = YES;
				CLANG_WARN_INT_CONVERSION = YES;
				CLANG_WARN_NON_LITERAL_NULL_CONVERSION = YES;
				CLANG_WARN_OBJC_IMPLICIT_RETAIN_SELF = YES;
				CLANG_WARN_OBJC_LITERAL_CONVERSION = YES;
				CLANG_WARN_OBJC_ROOT_CLASS = YES_ERROR;
				CLANG_WARN_QUOTED_INCLUDE_IN_FRAMEWORK_HEADER = YES;
				CLANG_WARN_RANGE_LOOP_ANALYSIS = YES;
				CLANG_WARN_STRICT_PROTOTYPES = YES;
				CLANG_WARN_SUSPICIOUS_MOVE = YES;
				CLANG_WARN_UNGUARDED_AVAILABILITY = YES_AGGRESSIVE;
				CLANG_WARN_UNREACHABLE_CODE = YES;
				CLANG_WARN__DUPLICATE_METHOD_MATCH = YES;
				COPY_PHASE_STRIP = NO;
				DEBUG_INFORMATION_FORMAT = "dwarf-with-dsym";
				ENABLE_NS_ASSERTIONS = NO;
				ENABLE_STRICT_OBJC_MSGSEND = YES;
				GCC_C_LANGUAGE_STANDARD = gnu11;
				GCC_NO_COMMON_BLOCKS = YES;
				GCC_WARN_64_TO_32_BIT_CONVERSION = YES;
				GCC_WARN_ABOUT_RETURN_TYPE = YES_ERROR;
				GCC_WARN_UNDECLARED_SELECTOR = YES;
				GCC_WARN_UNINITIALIZED_AUTOS = YES_AGGRESSIVE;
				GCC_WARN_UNUSED_FUNCTION = YES;
				GCC_WARN_UNUSED_VARIABLE = YES;
				IPHONEOS_DEPLOYMENT_TARGET = 16.4;
				MTL_ENABLE_DEBUG_INFO = NO;
				MTL_FAST_MATH = YES;
				SDKROOT = iphoneos;
				SWIFT_COMPILATION_MODE = wholemodule;
				SWIFT_OPTIMIZATION_LEVEL = "-O";
				VALIDATE_PRODUCT = YES;
			};
			name = Release;
		};
		C3E8E7FA2A09285E00BCFF53 /* Debug */ = {
			isa = XCBuildConfiguration;
			buildSettings = {
				ASSETCATALOG_COMPILER_APPICON_NAME = AppIcon;
				ASSETCATALOG_COMPILER_GLOBAL_ACCENT_COLOR_NAME = AccentColor;
				CODE_SIGN_STYLE = Automatic;
				CURRENT_PROJECT_VERSION = 1;
				GENERATE_INFOPLIST_FILE = YES;
				INFOPLIST_FILE = Currency/Supporting/Info.plist;
				INFOPLIST_KEY_UIApplicationSupportsIndirectInputEvents = YES;
				INFOPLIST_KEY_UILaunchStoryboardName = LaunchScreen;
				INFOPLIST_KEY_UISupportedInterfaceOrientations_iPad = "UIInterfaceOrientationPortrait UIInterfaceOrientationPortraitUpsideDown UIInterfaceOrientationLandscapeLeft UIInterfaceOrientationLandscapeRight";
				INFOPLIST_KEY_UISupportedInterfaceOrientations_iPhone = "UIInterfaceOrientationPortrait UIInterfaceOrientationLandscapeLeft UIInterfaceOrientationLandscapeRight";
				LD_RUNPATH_SEARCH_PATHS = (
					"$(inherited)",
					"@executable_path/Frameworks",
				);
				MARKETING_VERSION = 1.0;
				PRODUCT_BUNDLE_IDENTIFIER = Shagiakhmetov.Currency;
				PRODUCT_NAME = "$(TARGET_NAME)";
				SWIFT_EMIT_LOC_STRINGS = YES;
				SWIFT_VERSION = 5.0;
				TARGETED_DEVICE_FAMILY = "1,2";
			};
			name = Debug;
		};
		C3E8E7FB2A09285E00BCFF53 /* Release */ = {
			isa = XCBuildConfiguration;
			buildSettings = {
				ASSETCATALOG_COMPILER_APPICON_NAME = AppIcon;
				ASSETCATALOG_COMPILER_GLOBAL_ACCENT_COLOR_NAME = AccentColor;
				CODE_SIGN_STYLE = Automatic;
				CURRENT_PROJECT_VERSION = 1;
				GENERATE_INFOPLIST_FILE = YES;
				INFOPLIST_FILE = Currency/Supporting/Info.plist;
				INFOPLIST_KEY_UIApplicationSupportsIndirectInputEvents = YES;
				INFOPLIST_KEY_UILaunchStoryboardName = LaunchScreen;
				INFOPLIST_KEY_UISupportedInterfaceOrientations_iPad = "UIInterfaceOrientationPortrait UIInterfaceOrientationPortraitUpsideDown UIInterfaceOrientationLandscapeLeft UIInterfaceOrientationLandscapeRight";
				INFOPLIST_KEY_UISupportedInterfaceOrientations_iPhone = "UIInterfaceOrientationPortrait UIInterfaceOrientationLandscapeLeft UIInterfaceOrientationLandscapeRight";
				LD_RUNPATH_SEARCH_PATHS = (
					"$(inherited)",
					"@executable_path/Frameworks",
				);
				MARKETING_VERSION = 1.0;
				PRODUCT_BUNDLE_IDENTIFIER = Shagiakhmetov.Currency;
				PRODUCT_NAME = "$(TARGET_NAME)";
				SWIFT_EMIT_LOC_STRINGS = YES;
				SWIFT_VERSION = 5.0;
				TARGETED_DEVICE_FAMILY = "1,2";
			};
			name = Release;
		};
/* End XCBuildConfiguration section */

/* Begin XCConfigurationList section */
		C3E8E7E02A09285D00BCFF53 /* Build configuration list for PBXProject "Currency" */ = {
			isa = XCConfigurationList;
			buildConfigurations = (
				C3E8E7F72A09285E00BCFF53 /* Debug */,
				C3E8E7F82A09285E00BCFF53 /* Release */,
			);
			defaultConfigurationIsVisible = 0;
			defaultConfigurationName = Release;
		};
		C3E8E7F92A09285E00BCFF53 /* Build configuration list for PBXNativeTarget "Currency" */ = {
			isa = XCConfigurationList;
			buildConfigurations = (
				C3E8E7FA2A09285E00BCFF53 /* Debug */,
				C3E8E7FB2A09285E00BCFF53 /* Release */,
			);
			defaultConfigurationIsVisible = 0;
			defaultConfigurationName = Release;
		};
/* End XCConfigurationList section */
	};
	rootObject = C3E8E7DD2A09285D00BCFF53 /* Project object */;
}
